
Microsoft Visual Studio Solution File, Format Version 12.00
# Visual Studio 15
VisualStudioVersion = 15.0.27703.2000
MinimumVisualStudioVersion = 10.0.40219.1
Project("{FAE04EC0-301F-11D3-BF4B-00C04F79EFBC}") = "testOpenLayer", "testOpenLayer\testOpenLayer.csproj", "{49C666CB-1949-4AF2-961F-3422696308A5}"
EndProject
Global
	GlobalSection(SolutionConfigurationPlatforms) = preSolution
		Debug|Any CPU = Debug|Any CPU
		Release|Any CPU = Release|Any CPU
	EndGlobalSection
	GlobalSection(ProjectConfigurationPlatforms) = postSolution
		{49C666CB-1949-4AF2-961F-3422696308A5}.Debug|Any CPU.ActiveCfg = Debug|Any CPU
		{49C666CB-1949-4AF2-961F-3422696308A5}.Debug|Any CPU.Build.0 = Debug|Any CPU
		{49C666CB-1949-4AF2-961F-3422696308A5}.Release|Any CPU.ActiveCfg = Release|Any CPU
		{49C666CB-1949-4AF2-961F-3422696308A5}.Release|Any CPU.Build.0 = Release|Any CPU
	EndGlobalSection
	GlobalSection(SolutionProperties) = preSolution
		HideSolutionNode = FALSE
	EndGlobalSection
	GlobalSection(ExtensibilityGlobals) = postSolution
		SolutionGuid = {A5BA6DCC-2B34-4C05-8D5F-3FDD7B7CAA66}
	EndGlobalSection
EndGlobal
